version: 7
platforms:
- name: osx-arm64
  virtual-packages:
  - __unix=0=0
  - __osx=13.0
  - __archspec=0=m1
environments:
  default:
    channels:
    - url: https://conda.anaconda.org/conda-forge/
    indexes:
    - https://pypi.org/simple
    packages:
      osx-arm64:
      - conda: https://conda.anaconda.org/conda-forge/noarch/ca-certificates-2026.7.22-hbd8a1cb_0.conda
      - conda: https://conda.anaconda.org/conda-forge/noarch/colorama-0.4.6-pyhd8ed1ab_1.conda
      - conda: https://conda.anaconda.org/conda-forge/noarch/font-ttf-dejavu-sans-mono-2.37-hab24e00_0.tar.bz2
      - conda: https://conda.anaconda.org/conda-forge/noarch/font-ttf-inconsolata-3.000-h77eed37_0.tar.bz2
      - conda: https://conda.anaconda.org/conda-forge/noarch/font-ttf-source-code-pro-2.038-h77eed37_0.tar.bz2
      - conda: https://conda.anaconda.org/conda-forge/noarch/font-ttf-ubuntu-0.83-h77eed37_3.conda
      - conda: https://conda.anaconda.org/conda-forge/noarch/fonts-conda-ecosystem-1-0.tar.bz2
      - conda: https://conda.anaconda.org/conda-forge/noarch/fonts-conda-forge-1-hc364b38_1.conda
      - conda: https://conda.anaconda.org/conda-forge/noarch/pyopengl-3.1.10-pyh534df25_2.conda
      - conda: https://conda.anaconda.org/conda-forge/noarch/pyqtgraph-0.14.0-pyhd8ed1ab_0.conda
      - conda: https://conda.anaconda.org/conda-forge/noarch/python_abi-3.14-8_cp314.conda
      - conda: https://conda.anaconda.org/conda-forge/noarch/tzdata-2026c-h151e31d_0.conda
      - conda: https://conda.anaconda.org/conda-forge/osx-arm64/_openmp_mutex-4.5-7_kmp_llvm.conda
      - conda: https://conda.anaconda.org/conda-forge/osx-arm64/bzip2-1.0.8-h4e30115_10.conda
      - conda: https://conda.anaconda.org/conda-forge/osx-arm64/cairo-1.18.4-he0f2337_1.conda
      - conda: https://conda.anaconda.org/conda-forge/osx-arm64/cyrus-sasl-2.1.28-hb961e35_1.conda
      - conda: https://conda.anaconda.org/conda-forge/osx-arm64/double-conversion-3.4.0-hf6b4638_0.conda
      - conda: https://conda.anaconda.org/conda-forge/osx-arm64/fontconfig-2.18.2-h2b252f5_0.conda
      - conda: https://conda.anaconda.org/conda-forge/osx-arm64/freetype-2.14.3-hce30654_1.conda
      - conda: https://conda.anaconda.org/conda-forge/osx-arm64/graphite2-1.3.15-h784d473_1.conda
      - conda: https://conda.anaconda.org/conda-forge/osx-arm64/harfbuzz-14.3.0-hce30654_0.conda
      - conda: https://conda.anaconda.org/conda-forge/osx-arm64/icu-78.3-hc7cc350_2.conda
      - conda: https://conda.anaconda.org/conda-forge/osx-arm64/krb5-1.22.2-hfd3d5f3_1.conda
      - conda: https://conda.anaconda.org/conda-forge/osx-arm64/lerc-4.2.0-h1eee2c3_0.conda
      - conda: https://conda.anaconda.org/conda-forge/osx-arm64/libblas-3.11.0-9_h51639a9_openblas.conda
      - conda: https://conda.anaconda.org/conda-forge/osx-arm64/libbrotlicommon-1.2.0-hc919400_1.conda
      - conda: https://conda.anaconda.org/conda-forge/osx-arm64/libbrotlidec-1.2.0-hc919400_1.conda
      - conda: https://conda.anaconda.org/conda-forge/osx-arm64/libbrotlienc-1.2.0-hc919400_1.conda
      - conda: https://conda.anaconda.org/conda-forge/osx-arm64/libcblas-3.11.0-9_hb0561ab_openblas.conda
      - conda: https://conda.anaconda.org/conda-forge/osx-arm64/libclang-cpp22.1-22.1.8-default_hc257da1_5.conda
      - conda: https://conda.anaconda.org/conda-forge/osx-arm64/libclang13-22.1.8-default_h32ef180_5.conda
      - conda: https://conda.anaconda.org/conda-forge/osx-arm64/libcxx-22.1.8-h55c6f16_0.conda
      - conda: https://conda.anaconda.org/conda-forge/osx-arm64/libdeflate-1.25-he7e0567_1.conda
      - conda: https://conda.anaconda.org/conda-forge/osx-arm64/libedit-3.1.20250104-pl5321hafb1f1b_0.conda
      - conda: https://conda.anaconda.org/conda-forge/osx-arm64/libexpat-2.8.1-hf6b4638_1.conda
      - conda: https://conda.anaconda.org/conda-forge/osx-arm64/libffi-3.5.2-hcf2aa1b_0.conda
      - conda: https://conda.anaconda.org/conda-forge/osx-arm64/libfreetype-2.14.3-hce30654_1.conda
      - conda: https://conda.anaconda.org/conda-forge/osx-arm64/libfreetype6-2.14.3-hdfa99f5_1.conda
      - conda: https://conda.anaconda.org/conda-forge/osx-arm64/libgcc-16.1.0-h3cf6597_1.conda
      - conda: https://conda.anaconda.org/conda-forge/osx-arm64/libgfortran-16.1.0-h07b0088_1.conda
      - conda: https://conda.anaconda.org/conda-forge/osx-arm64/libgfortran5-16.1.0-h32cdfcc_1.conda
      - conda: https://conda.anaconda.org/conda-forge/osx-arm64/libglib-2.88.3-ha08bb59_0.conda
      - conda: https://conda.anaconda.org/conda-forge/osx-arm64/libharfbuzz-14.3.0-h5a65909_0.conda
      - conda: https://conda.anaconda.org/conda-forge/osx-arm64/libharfbuzz-devel-14.3.0-h5a65909_0.conda
      - conda: https://conda.anaconda.org/conda-forge/osx-arm64/libiconv-1.18-h23cfdf5_2.conda
      - conda: https://conda.anaconda.org/conda-forge/osx-arm64/libintl-0.25.1-h493aca8_0.conda
      - conda: https://conda.anaconda.org/conda-forge/osx-arm64/libjpeg-turbo-3.2.0-h84a0fba_1.conda
      - conda: https://conda.anaconda.org/conda-forge/osx-arm64/liblapack-3.11.0-9_hd9741b5_openblas.conda
      - conda: https://conda.anaconda.org/conda-forge/osx-arm64/libllvm22-22.1.8-h89af1be_1.conda
      - conda: https://conda.anaconda.org/conda-forge/osx-arm64/liblzma-5.8.3-h8088a28_0.conda
      - conda: https://conda.anaconda.org/conda-forge/osx-arm64/libmpdec-4.0.0-h84a0fba_1.conda
      - conda: https://conda.anaconda.org/conda-forge/osx-arm64/libntlm-1.8-h5505292_0.conda
      - conda: https://conda.anaconda.org/conda-forge/osx-arm64/libopenblas-0.3.34-openmp_he657e61_0.conda
      - conda: https://conda.anaconda.org/conda-forge/osx-arm64/libpng-1.6.58-h132b30e_0.conda
      - conda: https://conda.anaconda.org/conda-forge/osx-arm64/libpq-18.4-ha770aab_0.conda
      - conda: https://conda.anaconda.org/conda-forge/osx-arm64/libsqlite-3.53.4-h1ae2325_0.conda
      - conda: https://conda.anaconda.org/conda-forge/osx-arm64/libtiff-4.7.2-h282da08_0.conda
      - conda: https://conda.anaconda.org/conda-forge/osx-arm64/libwebp-base-1.6.0-h202fb40_1.conda
      - conda: https://conda.anaconda.org/conda-forge/osx-arm64/libxml2-16-2.15.3-h5ef1a60_0.conda
      - conda: https://conda.anaconda.org/conda-forge/osx-arm64/libxml2-2.15.3-h5654f7c_0.conda
      - conda: https://conda.anaconda.org/conda-forge/osx-arm64/libxslt-1.1.43-hb2570ba_1.conda
      - conda: https://conda.anaconda.org/conda-forge/osx-arm64/libzlib-1.3.2-h8088a28_3.conda
      - conda: https://conda.anaconda.org/conda-forge/osx-arm64/llvm-openmp-22.1.8-hc7d1edf_0.conda
      - conda: https://conda.anaconda.org/conda-forge/osx-arm64/ncurses-6.6-h1d4f5a5_0.conda
      - conda: https://conda.anaconda.org/conda-forge/osx-arm64/numpy-2.5.1-py314hb79c6fa_0.conda
      - conda: https://conda.anaconda.org/conda-forge/osx-arm64/openldap-2.6.13-hf7f56bc_0.conda
      - conda: https://conda.anaconda.org/conda-forge/osx-arm64/openssl-3.6.3-hd24854e_1.conda
      - conda: https://conda.anaconda.org/conda-forge/osx-arm64/pcre2-10.47-h30297fc_0.conda
      - conda: https://conda.anaconda.org/conda-forge/osx-arm64/pixman-0.46.4-h784d473_3.conda
      - conda: https://conda.anaconda.org/conda-forge/osx-arm64/pyside6-6.11.1-py314h2cf4f08_1.conda
      - conda: https://conda.anaconda.org/conda-forge/osx-arm64/python-3.14.6-h156bc91_101_cp314.conda
      - conda: https://conda.anaconda.org/conda-forge/osx-arm64/qt6-main-6.11.1-pl5321h7775a44_1.conda
      - conda: https://conda.anaconda.org/conda-forge/osx-arm64/readline-8.3-h46df422_0.conda
      - conda: https://conda.anaconda.org/conda-forge/osx-arm64/tk-8.6.13-hd3d0363_3.conda
      - conda: https://conda.anaconda.org/conda-forge/osx-arm64/zstd-1.5.7-hbf9d68e_6.conda
      - pypi: https://files.pythonhosted.org/packages/26/54/05aceb9cd80073805b3ed8522e3196e8cb22f70e741873fa51406c31f4e7/bleak-3.0.2-py3-none-any.whl
      - pypi: https://files.pythonhosted.org/packages/30/ff/6f3b0bb3110ec82dbedaea47de151bd688980f5aadc634ef0cd236fdbd16/pyobjc_framework_corebluetooth-12.2.1-cp314-cp314-macosx_10_15_universal2.whl
      - pypi: https://files.pythonhosted.org/packages/32/91/30151a39f7570f448ed84529390628a651d7f27c87d73c9b887f8189695e/docutils-0.23-py3-none-any.whl
      - pypi: https://files.pythonhosted.org/packages/36/76/931b879e1ad5e287c4ed9b60ccea807e63e06cd257829e154c79394abb66/ahrs-0.4.0-py3-none-any.whl
      - pypi: https://files.pythonhosted.org/packages/42/87/5b4a6c8580f2a486daf4b0d14a2356c47abfda401b329e71e46ac9b5460c/pyobjc_framework_libdispatch-12.2.1-cp314-cp314-macosx_10_15_universal2.whl
      - pypi: https://files.pythonhosted.org/packages/bd/8a/cfa4f56939d554dbb342ec6e5226a441e2f552bc2002a0ddf7705bb11bef/pyobjc_core-12.2.1-cp314-cp314-macosx_10_15_universal2.whl
      - pypi: https://files.pythonhosted.org/packages/ec/c8/b90baa8f3592eded79b4be98fb59d2b8dc16b62361e34292bd95806ebd9f/pyobjc_framework_cocoa-12.2.1-cp314-cp314-macosx_10_15_universal2.whl
packages:
- conda: https://conda.anaconda.org/conda-forge/noarch/ca-certificates-2026.7.22-hbd8a1cb_0.conda
  sha256: 0a0544cf95f64394fe4959286f5c71f5444ad58feb0602e53becb27448d24da6
  md5: 0f51e2391ade309db462a55611263e9c
  depends:
  - __unix
  license: ISC
  purls: []
  run_exports: {}
  size: 131780
  timestamp: 1784754889428
- conda: https://conda.anaconda.org/conda-forge/noarch/colorama-0.4.6-pyhd8ed1ab_1.conda
  sha256: ab29d57dc70786c1269633ba3dff20288b81664d3ff8d21af995742e2bb03287
  md5: 962b9857ee8e7018c22f2776ffa0b2d7
  depends:
  - python >=3.9
  license: BSD-3-Clause
  license_family: BSD
  purls:
  - pkg:pypi/colorama?source=hash-mapping
  run_exports: {}
  size: 27011
  timestamp: 1733218222191
- conda: https://conda.anaconda.org/conda-forge/noarch/font-ttf-dejavu-sans-mono-2.37-hab24e00_0.tar.bz2
  sha256: 58d7f40d2940dd0a8aa28651239adbf5613254df0f75789919c4e6762054403b
  md5: 0c96522c6bdaed4b1566d11387caaf45
  license: BSD-3-Clause
  license_family: BSD
  purls: []
  run_exports: {}
  size: 397370
  timestamp: 1566932522327
- conda: https://conda.anaconda.org/conda-forge/noarch/font-ttf-inconsolata-3.000-h77eed37_0.tar.bz2
  sha256: c52a29fdac682c20d252facc50f01e7c2e7ceac52aa9817aaf0bb83f7559ec5c
  md5: 34893075a5c9e55cdafac56607368fc6
  license: OFL-1.1
  license_family: Other
  purls: []
  run_exports: {}
  size: 96530
  timestamp: 1620479909603
- conda: https://conda.anaconda.org/conda-forge/noarch/font-ttf-source-code-pro-2.038-h77eed37_0.tar.bz2
  sha256: 00925c8c055a2275614b4d983e1df637245e19058d79fc7dd1a93b8d9fb4b139
  md5: 4d59c254e01d9cde7957100457e2d5fb
  license: OFL-1.1
  license_family: Other
  purls: []
  run_exports: {}
  size: 700814
  timestamp: 1620479612257
- conda: https://conda.anaconda.org/conda-forge/noarch/font-ttf-ubuntu-0.83-h77eed37_3.conda
  sha256: 2821ec1dc454bd8b9a31d0ed22a7ce22422c0aef163c59f49dfdf915d0f0ca14
  md5: 49023d73832ef61042f6a237cb2687e7
  license: LicenseRef-Ubuntu-Font-Licence-Version-1.0
  license_family: Other
  purls: []
  run_exports: {}
  size: 1620504
  timestamp: 1727511233259
- conda: https://conda.anaconda.org/conda-forge/noarch/fonts-conda-ecosystem-1-0.tar.bz2
  sha256: a997f2f1921bb9c9d76e6fa2f6b408b7fa549edd349a77639c9fe7a23ea93e61
  md5: fee5683a3f04bd15cbd8318b096a27ab
  depends:
  - fonts-conda-forge
  license: BSD-3-Clause
  license_family: BSD
  purls: []
  run_exports: {}
  size: 3667
  timestamp: 1566974674465
- conda: https://conda.anaconda.org/conda-forge/noarch/fonts-conda-forge-1-hc364b38_1.conda
  sha256: 54eea8469786bc2291cc40bca5f46438d3e062a399e8f53f013b6a9f50e98333
  md5: a7970cd949a077b7cb9696379d338681
  depends:
  - font-ttf-ubuntu
  - font-ttf-inconsolata
  - font-ttf-dejavu-sans-mono
  - font-ttf-source-code-pro
  license: BSD-3-Clause
  license_family: BSD
  purls: []
  run_exports: {}
  size: 4059
  timestamp: 1762351264405
- conda: https://conda.anaconda.org/conda-forge/noarch/pyopengl-3.1.10-pyh534df25_2.conda
  sha256: 0d6496145c2a88eac74650dfe363729af5bfc47f50bcb8820b957037237cfdab
  md5: dae7cd715f93d0e2f12af26dd3777328
  depends:
  - __osx
  - python >=3.10
  license: LicenseRef-pyopengl
  purls:
  - pkg:pypi/pyopengl?source=hash-mapping
  run_exports: {}
  size: 1375109
  timestamp: 1756496518537
- conda: https://conda.anaconda.org/conda-forge/noarch/pyqtgraph-0.14.0-pyhd8ed1ab_0.conda
  sha256: f1bc737d8c525a6aeaa687fd4e6ab9d07871be089ec1824349c9dd598e0420ea
  md5: 1a9d422262ef2e0928a90dde1da5b33a
  depends:
  - colorama
  - numpy >=1.25
  - python >=3.10
  constrains:
  - pyqt >=5.15
  - pyside2 >=5.15
  license: MIT
  license_family: MIT
  purls:
  - pkg:pypi/pyqtgraph?source=hash-mapping
  run_exports: {}
  size: 1436545
  timestamp: 1763549841016
- conda: https://conda.anaconda.org/conda-forge/noarch/python_abi-3.14-8_cp314.conda
  build_number: 8
  sha256: ad6d2e9ac39751cc0529dd1566a26751a0bf2542adb0c232533d32e176e21db5
  md5: 0539938c55b6b1a59b560e843ad864a4
  constrains:
  - python 3.14.* *_cp314
  license: BSD-3-Clause
  license_family: BSD
  purls: []
  run_exports: {}
  size: 6989
  timestamp: 1752805904792
- conda: https://conda.anaconda.org/conda-forge/noarch/tzdata-2026c-h151e31d_0.conda
  sha256: b928c30ddcb0e3f544c6eade8352737e6e610e263276b90232db6a578ef899d8
  md5: fcb489df604d100968b737f2cb6076c6
  license: LicenseRef-Public-Domain
  purls: []
  run_exports: {}
  size: 118849
  timestamp: 1784250406640
- conda: https://conda.anaconda.org/conda-forge/osx-arm64/_openmp_mutex-4.5-7_kmp_llvm.conda
  build_number: 7
  sha256: 7acaa2e0782cad032bdaf756b536874346ac1375745fb250e9bdd6a48a7ab3cd
  md5: a44032f282e7d2acdeb1c240308052dd
  depends:
  - llvm-openmp >=9.0.1
  license: BSD-3-Clause
  license_family: BSD
  purls: []
  run_exports:
    weak:
    - _openmp_mutex >=4.5
  size: 8325
  timestamp: 1764092507920
- conda: https://conda.anaconda.org/conda-forge/osx-arm64/bzip2-1.0.8-h4e30115_10.conda
  sha256: 8ec22f0ba25cbfc2e64d70cf29459eccd7ffdf6436f6a6ff15bbfef799f7d4f6
  md5: b50612e7d190b8061ab4e7dc119cf4d5
  depends:
  - __osx >=11.0
  license: bzip2-1.0.6
  license_family: BSD
  purls: []
  run_exports:
    weak:
    - bzip2 >=1.0.8,<2.0a0
  size: 124965
  timestamp: 1785906749812
- conda: https://conda.anaconda.org/conda-forge/osx-arm64/cairo-1.18.4-he0f2337_1.conda
  sha256: cde9b79ee206fe3ba6ca2dc5906593fb7a1350515f85b2a1135a4ce8ec1539e3
  md5: 36200ecfbbfbcb82063c87725434161f
  depends:
  - __osx >=11.0
  - fontconfig >=2.15.0,<3.0a0
  - fonts-conda-ecosystem
  - icu >=78.1,<79.0a0
  - libcxx >=19
  - libexpat >=2.7.3,<3.0a0
  - libfreetype >=2.14.1
  - libfreetype6 >=2.14.1
  - libglib >=2.86.3,<3.0a0
  - libpng >=1.6.53,<1.7.0a0
  - libzlib >=1.3.1,<2.0a0
  - pixman >=0.46.4,<1.0a0
  license: LGPL-2.1-only or MPL-1.1
  purls: []
  run_exports:
    weak:
    - cairo >=1.18.4,<2.0a0
  size: 900035
  timestamp: 1766416416791
- conda: https://conda.anaconda.org/conda-forge/osx-arm64/cyrus-sasl-2.1.28-hb961e35_1.conda
  sha256: 2bb1a8cfc2534b05718c21ffacd806c5c3d5289c9e8be12270d9fc5606c859bf
  md5: 784c64a42b083798c5acd2373df5b825
  depends:
  - __osx >=11.0
  - krb5 >=1.22.2,<1.23.0a0
  - libcxx >=19
  - libntlm >=1.8,<2.0a0
  - openssl >=3.5.5,<4.0a0
  license: BSD-3-Clause-Attribution
  license_family: BSD
  purls: []
  run_exports:
    weak:
    - cyrus-sasl >=2.1.28,<3.0a0
  size: 194397
  timestamp: 1771943557428
- conda: https://conda.anaconda.org/conda-forge/osx-arm64/double-conversion-3.4.0-hf6b4638_0.conda
  sha256: 777f73f137c56f390e14d03bae9538f66e4b42025c5fe304531537aca9261060
  md5: 5c2db157899dc09a20dcc87638066120
  depends:
  - __osx >=11.0
  - libcxx >=19
  license: BSD-3-Clause
  license_family: BSD
  purls: []
  run_exports:
    weak:
    - double-conversion >=3.4.0,<3.5.0a0
  size: 64561
  timestamp: 1773480255077
- conda: https://conda.anaconda.org/conda-forge/osx-arm64/fontconfig-2.18.2-h2b252f5_0.conda
  sha256: 9977c3f83d7f383de9bbd8a1ac6fd6eb4485cd9fda1679a9a63b697f4cb45a89
  md5: 992ac5eb08a3a29b5f465cf90f326471
  depends:
  - __osx >=11.0
  - libexpat >=2.8.1,<3.0a0
  - libfreetype >=2.14.3
  - libfreetype6 >=2.14.3
  - libintl >=0.25.1,<1.0a0
  - libzlib >=1.3.2,<2.0a0
  license: MIT
  license_family: MIT
  purls: []
  run_exports:
    weak:
    - fontconfig >=2.18.2,<3.0a0
    - fonts-conda-ecosystem
  size: 262776
  timestamp: 1784754851028
- conda: https://conda.anaconda.org/conda-forge/osx-arm64/freetype-2.14.3-hce30654_1.conda
  sha256: 96b33f1e2a32c602b167f43719e3acf89ec742b4a1e25e99ffd0e6f99b38d277
  md5: 7bd06ab4ed807154c2d9031eb5ebf025
  depends:
  - libfreetype 2.14.3 hce30654_1
  - libfreetype6 2.14.3 hdfa99f5_1
  license: GPL-2.0-only OR FTL
  purls: []
  run_exports:
    weak:
    - libfreetype >=2.14.3
    - libfreetype6 >=2.14.3
  size: 173518
  timestamp: 1780933616544
- conda: https://conda.anaconda.org/conda-forge/osx-arm64/graphite2-1.3.15-h784d473_1.conda
  sha256: 471f34a187fdb4f2df33e26f2e471b16c239a5b277903f643d9c3a8c9a9f44ec
  md5: 0c7b78d9ffff4f5a6ca28d346f734d8f
  depends:
  - libcxx >=19
  - __osx >=11.0
  license: LGPL-2.0-or-later
  license_family: LGPL
  purls: []
  run_exports:
    weak:
    - graphite2 >=1.3.15,<2.0a0
  size: 86493
  timestamp: 1786118637573
- conda: https://conda.anaconda.org/conda-forge/osx-arm64/harfbuzz-14.3.0-hce30654_0.conda
  sha256: 67042b0e8896f707c60981947ae22fe0c13942283c8d7ac9b8286cc01cc1c2d2
  md5: aab13bb027c8295f5b09ccb8cd084698
  depends:
  - libharfbuzz-devel 14.3.0 h5a65909_0
  license: MIT
  license_family: MIT
  purls: []
  run_exports:
    weak:
    - libharfbuzz >=14.3.0
  size: 11005
  timestamp: 1785770060418
- conda: https://conda.anaconda.org/conda-forge/osx-arm64/icu-78.3-hc7cc350_2.conda
  sha256: f0b22bc30e4cc29e29ba3234cb38497fe8def2c2aae4b775d42fe5b378a018c9
  md5: 6133ddbb17ba2b50700dd88e9303ce27
  depends:
  - __osx >=11.0
  license: MIT
  license_family: MIT
  purls: []
  run_exports:
    weak:
    - icu >=78.3,<79.0a0
  size: 14070698
  timestamp: 1784916459058
- conda: https://conda.anaconda.org/conda-forge/osx-arm64/krb5-1.22.2-hfd3d5f3_1.conda
  sha256: c740e4a2e7247776a9883158fdab50ae0732c8f67f96d8f1db8ad9da5e0b5222
  md5: 8780f41b013d19219faef9c82260744b
  depends:
  - __osx >=11.0
  - libcxx >=19
  - libedit >=3.1.20250104,<3.2.0a0
  - libedit >=3.1.20250104,<4.0a0
  - openssl >=3.5.7,<4.0a0
  license: MIT
  license_family: MIT
  purls: []
  run_exports:
    weak:
    - krb5 >=1.22.2,<1.23.0a0
  size: 1159780
  timestamp: 1781859501654
- conda: https://conda.anaconda.org/conda-forge/osx-arm64/lerc-4.2.0-h1eee2c3_0.conda
  sha256: c97aa17d16d2ac332ba9f184e82ce8f72dcb10e9a10c5f299030be2d44e191b9
  md5: e429aec4037d5cb8fd34ded9f5dadd39
  depends:
  - __osx >=11.0
  - libcxx >=19
  license: Apache-2.0
  license_family: Apache
  purls: []
  run_exports:
    weak:
    - lerc >=4.2.0,<5.0a0
  size: 166477
  timestamp: 1785036480092
- conda: https://conda.anaconda.org/conda-forge/osx-arm64/libblas-3.11.0-9_h51639a9_openblas.conda
  build_number: 9
  sha256: 0437866fe43b4c911470d3e7ddea18d78390bd7062d9563ce6d38c8ba5798405
  md5: cb1f85be9d88af453fcda3dfba995099
  depends:
  - libopenblas >=0.3.34,<0.3.35.0a0
  - libopenblas >=0.3.34,<1.0a0
  constrains:
  - blas 2.309   openblas
  - libcblas   3.11.0   9*_openblas
  - liblapack  3.11.0   9*_openblas
  - liblapacke 3.11.0   9*_openblas
  - mkl <2027
  license: BSD-3-Clause
  license_family: BSD
  purls: []
  run_exports:
    weak:
    - libblas >=3.11.0,<4.0a0
  size: 18162
  timestamp: 1786058887392
- conda: https://conda.anaconda.org/conda-forge/osx-arm64/libbrotlicommon-1.2.0-hc919400_1.conda
  sha256: a7cb9e660531cf6fbd4148cff608c85738d0b76f0975c5fc3e7d5e92840b7229
  md5: 006e7ddd8a110771134fcc4e1e3a6ffa
  depends:
  - __osx >=11.0
  license: MIT
  license_family: MIT
  purls: []
  run_exports:
    weak:
    - libbrotlicommon >=1.2.0,<1.3.0a0
  size: 79443
  timestamp: 1764017945924
- conda: https://conda.anaconda.org/conda-forge/osx-arm64/libbrotlidec-1.2.0-hc919400_1.conda
  sha256: 2eae444039826db0454b19b52a3390f63bfe24f6b3e63089778dd5a5bf48b6bf
  md5: 079e88933963f3f149054eec2c487bc2
  depends:
  - __osx >=11.0
  - libbrotlicommon 1.2.0 hc919400_1
  license: MIT
  license_family: MIT
  purls: []
  run_exports:
    weak:
    - libbrotlidec >=1.2.0,<1.3.0a0
  size: 29452
  timestamp: 1764017979099
- conda: https://conda.anaconda.org/conda-forge/osx-arm64/libbrotlienc-1.2.0-hc919400_1.conda
  sha256: 01436c32bb41f9cb4bcf07dda647ce4e5deb8307abfc3abdc8da5317db8189d1
  md5: b2b7c8288ca1a2d71ff97a8e6a1e8883
  depends:
  - __osx >=11.0
  - libbrotlicommon 1.2.0 hc919400_1
  license: MIT
  license_family: MIT
  purls: []
  run_exports:
    weak:
    - libbrotlienc >=1.2.0,<1.3.0a0
  size: 290754
  timestamp: 1764018009077
- conda: https://conda.anaconda.org/conda-forge/osx-arm64/libcblas-3.11.0-9_hb0561ab_openblas.conda
  build_number: 9
  sha256: c4c71f20fdb20c86bf6f61c8c31bb349e4055bb4d19928e8580bb5615039cb4b
  md5: a7b6ba94e3ca58bc7d4e1ae4ff95c215
  depends:
  - libblas 3.11.0 9_h51639a9_openblas
  constrains:
  - blas 2.309   openblas
  - liblapack  3.11.0   9*_openblas
  - liblapacke 3.11.0   9*_openblas
  license: BSD-3-Clause
  license_family: BSD
  purls: []
  run_exports:
    weak:
    - libcblas >=3.11.0,<4.0a0
  size: 18110
  timestamp: 1786058893756
- conda: https://conda.anaconda.org/conda-forge/osx-arm64/libclang-cpp22.1-22.1.8-default_hc257da1_5.conda
  sha256: 4d2be3b7e1a9b8cbee103c978fb8b51f3bfef723c6da64236aa9675c93b05a21
  md5: c79d21059092d76b06b1f9ebfed20cc3
  depends:
  - libcxx >=22.1.8
  - __osx >=11.0
  - libzlib >=1.3.2,<2.0a0
  - zstd >=1.5.7,<1.6.0a0
  - libxml2
  - libxml2-16 >=2.14.6
  - libllvm22 >=22.1.8,<22.2.0a0
  license: Apache-2.0 WITH LLVM-exception
  purls: []
  run_exports:
    weak:
    - libclang-cpp22.1 >=22.1.8,<22.2.0a0
  size: 15931100
  timestamp: 1786164862010
- conda: https://conda.anaconda.org/conda-forge/osx-arm64/libclang13-22.1.8-default_h32ef180_5.conda
  sha256: 4b2b05da285d97bea20ce6681ba7ee9101fb365ca71359fd1fabdd9f371c7375
  md5: 16baae7efda0caa8d1ff9f7ecec9dfb0
  depends:
  - libclang-cpp22.1 ==22.1.8 default_hc257da1_5
  - libcxx >=22.1.8
  - __osx >=11.0
  - libzlib >=1.3.2,<2.0a0
  - zstd >=1.5.7,<1.6.0a0
  - libxml2
  - libxml2-16 >=2.14.6
  - libllvm22 >=22.1.8,<22.2.0a0
  license: Apache-2.0 WITH LLVM-exception
  purls: []
  run_exports:
    weak:
    - libclang13 >=22.1.8
  size: 9989806
  timestamp: 1786164862010
- conda: https://conda.anaconda.org/conda-forge/osx-arm64/libcxx-22.1.8-h55c6f16_0.conda
  sha256: a2e7abab5add9750fab064c024394de48e49f97631c605ad5db5c8ac3fc769ef
  md5: 89f76a2a21a3ec3ec983b5eb237c4113
  depends:
  - __osx >=11.0
  license: Apache-2.0 WITH LLVM-exception
  license_family: Apache
  purls: []
  run_exports: {}
  size: 569349
  timestamp: 1781670209146
- conda: https://conda.anaconda.org/conda-forge/osx-arm64/libdeflate-1.25-he7e0567_1.conda
  sha256: d896f4aa4ce4c590c2838678cb1917356fdb461d2a189991c0280c818c362172
  md5: 78650d671cb56909bb3e5c13bce310f9
  depends:
  - __osx >=11.0
  license: MIT
  license_family: MIT
  purls: []
  run_exports:
    weak:
    - libdeflate >=1.25,<1.26.0a0
  size: 55727
  timestamp: 1785909153744
- conda: https://conda.anaconda.org/conda-forge/osx-arm64/libedit-3.1.20250104-pl5321hafb1f1b_0.conda
  sha256: 66aa216a403de0bb0c1340a88d1a06adaff66bae2cfd196731aa24db9859d631
  md5: 44083d2d2c2025afca315c7a172eab2b
  depends:
  - ncurses
  - __osx >=11.0
  - ncurses >=6.5,<7.0a0
  license: BSD-2-Clause
  license_family: BSD
  purls: []
  run_exports:
    weak:
    - libedit >=3.1.20250104,<3.2.0a0
  size: 107691
  timestamp: 1738479560845
- conda: https://conda.anaconda.org/conda-forge/osx-arm64/libexpat-2.8.1-hf6b4638_1.conda
  sha256: 5af74261101e3c777399c6294b2b5d290e508153268eb2e9ff99c4d69834612f
  md5: a915151d5d3c5bf039f5ccc8402a436f
  depends:
  - __osx >=11.0
  constrains:
  - expat 2.8.1.*
  license: MIT
  license_family: MIT
  purls: []
  run_exports: {}
  size: 69362
  timestamp: 1781203631990
- conda: https://conda.anaconda.org/conda-forge/osx-arm64/libffi-3.5.2-hcf2aa1b_0.conda
  sha256: 6686a26466a527585e6a75cc2a242bf4a3d97d6d6c86424a441677917f28bec7
  md5: 43c04d9cb46ef176bb2a4c77e324d599
  depends:
  - __osx >=11.0
  license: MIT
  license_family: MIT
  purls: []
  run_exports:
    weak:
    - libffi >=3.5.2,<3.6.0a0
  size: 40979
  timestamp: 1769456747661
- conda: https://conda.anaconda.org/conda-forge/osx-arm64/libfreetype-2.14.3-hce30654_1.conda
  sha256: d5637b01941c0fc8f5cbb1f170c238f4ee153b3c1708b9d50f4f1305438ff051
  md5: 0582e67cd14cfed773be2f3b1aba08e0
  depends:
  - libfreetype6 >=2.14.3
  license: GPL-2.0-only OR FTL
  purls: []
  run_exports: {}
  size: 8365
  timestamp: 1780933612390
- conda: https://conda.anaconda.org/conda-forge/osx-arm64/libfreetype6-2.14.3-hdfa99f5_1.conda
  sha256: abbfffd8a8c776bb8b59a10c8247fc3aa6b17ba0051e9f6d199dca38479f214f
  md5: a0bb0678f67c464938d3693fa96f6884
  depends:
  - __osx >=11.0
  - libpng >=1.6.58,<1.7.0a0
  - libzlib >=1.3.2,<2.0a0
  constrains:
  - freetype >=2.14.3
  license: GPL-2.0-only OR FTL
  purls: []
  run_exports: {}
  size: 338442
  timestamp: 1780933611662
- conda: https://conda.anaconda.org/conda-forge/osx-arm64/libgcc-16.1.0-h3cf6597_1.conda
  sha256: fdd1502babb50b802d090496586231f56236d7a6fc042a4e1ac2dee48da8366b
  md5: 0124dc2e6f70f3e8ebea643b42b18abb
  depends:
  - _openmp_mutex
  constrains:
  - libgomp 16.1.0 1
  - libgcc-ng ==16.1.0=*_1
  license: GPL-3.0-only WITH GCC-exception-3.1
  license_family: GPL
  purls: []
  run_exports: {}
  size: 364162
  timestamp: 1785374452947
- conda: https://conda.anaconda.org/conda-forge/osx-arm64/libgfortran-16.1.0-h07b0088_1.conda
  sha256: d7c6dd601dbbde495ab213a76d690b2fec19455d26c595ec0257cfde3e80166b
  md5: d6f10dbb9c5830f540904c91ea5b252a
  depends:
  - libgfortran5 16.1.0 h32cdfcc_1
  constrains:
  - libgfortran-ng ==16.1.0=*_1
  license: GPL-3.0-only WITH GCC-exception-3.1
  license_family: GPL
  purls: []
  run_exports: {}
  size: 98528
  timestamp: 1785374566402
- conda: https://conda.anaconda.org/conda-forge/osx-arm64/libgfortran5-16.1.0-h32cdfcc_1.conda
  sha256: 3e8cb79a421e0c350566717febdba9079574cbbe204591b4fd4b4081ea89cb92
  md5: c1c10ea48f95054aa9b93c2315a0a74a
  depends:
  - libgcc >=16.1.0
  constrains:
  - libgfortran 16.1.0
  license: GPL-3.0-only WITH GCC-exception-3.1
  license_family: GPL
  purls: []
  run_exports: {}
  size: 556657
  timestamp: 1785374459225
- conda: https://conda.anaconda.org/conda-forge/osx-arm64/libglib-2.88.3-ha08bb59_0.conda
  sha256: a14417ae1f3f4a92c5766354eb280342fa6aae72a09af86bf7fcfc12a8c9225c
  md5: 4a9309d9502a08a2d29b1743dcfb0e7f
  depends:
  - __osx >=11.0
  - pcre2 >=10.47,<10.48.0a0
  - libzlib >=1.3.2,<2.0a0
  - libffi >=3.5.2,<3.6.0a0
  - libintl >=0.25.1,<1.0a0
  - libiconv >=1.18,<2.0a0
  constrains:
  - glib >2.66
  license: LGPL-2.1-or-later
  purls: []
  run_exports:
    weak:
    - libglib >=2.88.3,<3.0a0
  size: 4448109
  timestamp: 1785442168180
- conda: https://conda.anaconda.org/conda-forge/osx-arm64/libharfbuzz-14.3.0-h5a65909_0.conda
  sha256: 5803da482e914fc5d7ea82b31789471973b03ca58e9caffedd86e175c3aee447
  md5: 19248fa96b4c573e46bfec7fa3c875fa
  depends:
  - __osx >=11.0
  - cairo >=1.18.4,<2.0a0
  - graphite2 >=1.3.15,<2.0a0
  - icu >=78.3,<79.0a0
  - libcxx >=19
  - libfreetype >=2.14.3
  - libfreetype6 >=2.14.3
  - libglib >=2.88.3,<3.0a0
  - libpng >=1.6.58,<1.7.0a0
  - libzlib >=1.3.2,<2.0a0
  license: MIT
  license_family: MIT
  purls: []
  run_exports: {}
  size: 942277
  timestamp: 1785770026085
- conda: https://conda.anaconda.org/conda-forge/osx-arm64/libharfbuzz-devel-14.3.0-h5a65909_0.conda
  sha256: ec6822ad0101e1d627aebb04792a0a642a706ba3c12e2691a90c7c3995b09fc1
  md5: 9b9a765bb25ac591d79ced348d4dc340
  depends:
  - __osx >=11.0
  - cairo >=1.18.4,<2.0a0
  - freetype
  - graphite2 >=1.3.15,<2.0a0
  - icu >=78.3,<79.0a0
  - libcxx >=19
  - libfreetype >=2.14.3
  - libfreetype6 >=2.14.3
  - libglib >=2.88.3,<3.0a0
  - libharfbuzz 14.3.0 h5a65909_0
  - libpng >=1.6.58,<1.7.0a0
  - libzlib >=1.3.2,<2.0a0
  license: MIT
  license_family: MIT
  purls: []
  run_exports:
    weak:
    - libharfbuzz >=14.3.0
  size: 1470616
  timestamp: 1785770054858
- conda: https://conda.anaconda.org/conda-forge/osx-arm64/libiconv-1.18-h23cfdf5_2.conda
  sha256: de0336e800b2af9a40bdd694b03870ac4a848161b35c8a2325704f123f185f03
  md5: 4d5a7445f0b25b6a3ddbb56e790f5251
  depends:
  - __osx >=11.0
  license: LGPL-2.1-only
  purls: []
  run_exports:
    weak:
    - libiconv >=1.18,<2.0a0
  size: 750379
  timestamp: 1754909073836
- conda: https://conda.anaconda.org/conda-forge/osx-arm64/libintl-0.25.1-h493aca8_0.conda
  sha256: 99d2cebcd8f84961b86784451b010f5f0a795ed1c08f1e7c76fbb3c22abf021a
  md5: 5103f6a6b210a3912faf8d7db516918c
  depends:
  - __osx >=11.0
  - libiconv >=1.18,<2.0a0
  license: LGPL-2.1-or-later
  purls: []
  run_exports:
    weak:
    - libintl >=0.25.1,<1.0a0
  size: 90957
  timestamp: 1751558394144
- conda: https://conda.anaconda.org/conda-forge/osx-arm64/libjpeg-turbo-3.2.0-h84a0fba_1.conda
  sha256: 05006418f9392c9b723e8428808db106de0350a497832f95f921b85ff1072310
  md5: b2f8c8e5a7651a1d7c05404c3a159517
  depends:
  - __osx >=11.0
  constrains:
  - jpeg <0.0.0a
  license: IJG AND BSD-3-Clause AND Zlib
  purls: []
  run_exports:
    weak:
    - libjpeg-turbo >=3.2.0,<4.0a0
  size: 558459
  timestamp: 1785896382474
- conda: https://conda.anaconda.org/conda-forge/osx-arm64/liblapack-3.11.0-9_hd9741b5_openblas.conda
  build_number: 9
  sha256: db09e8e6a58415da1d866221cf518e53e84c6766a4500faae716cfa204f696ff
  md5: ecc87ca1e25bd94a08c82904eb4e6846
  depends:
  - libblas 3.11.0 9_h51639a9_openblas
  constrains:
  - blas 2.309   openblas
  - libcblas   3.11.0   9*_openblas
  - liblapacke 3.11.0   9*_openblas
  license: BSD-3-Clause
  license_family: BSD
  purls: []
  run_exports:
    weak:
    - liblapack >=3.11.0,<3.12.0a0
  size: 18144
  timestamp: 1786058899889
- conda: https://conda.anaconda.org/conda-forge/osx-arm64/libllvm22-22.1.8-h89af1be_1.conda
  sha256: 9c0ece5160e3d8749f43f8dd86777be4cfdb51490fb32f4d8269f8fd9866ce55
  md5: 5726aa6dda93e10bd614e434e9c9b8fc
  depends:
  - __osx >=11.0
  - libcxx >=19
  - libxml2
  - libxml2-16 >=2.14.6
  - libzlib >=1.3.2,<2.0a0
  - zstd >=1.5.7,<1.6.0a0
  license: Apache-2.0 WITH LLVM-exception
  license_family: Apache
  purls: []
  run_exports:
    weak:
    - libllvm22 >=22.1.8,<22.2.0a0
  size: 30057877
  timestamp: 1781783269086
- conda: https://conda.anaconda.org/conda-forge/osx-arm64/liblzma-5.8.3-h8088a28_0.conda
  sha256: 34878d87275c298f1a732c6806349125cebbf340d24c6c23727268184bba051e
  md5: b1fd823b5ae54fbec272cea0811bd8a9
  depends:
  - __osx >=11.0
  constrains:
  - xz 5.8.3.*
  license: 0BSD
  purls: []
  run_exports:
    weak:
    - liblzma >=5.8.3,<6.0a0
  size: 92472
  timestamp: 1775825802659
- conda: https://conda.anaconda.org/conda-forge/osx-arm64/libmpdec-4.0.0-h84a0fba_1.conda
  sha256: 1089c7f15d5b62c622625ec6700732ece83be8b705da8c6607f4dabb0c4bd6d2
  md5: 57c4be259f5e0b99a5983799a228ae55
  depends:
  - __osx >=11.0
  license: BSD-2-Clause
  license_family: BSD
  purls: []
  run_exports: {}
  size: 73690
  timestamp: 1769482560514
- conda: https://conda.anaconda.org/conda-forge/osx-arm64/libntlm-1.8-h5505292_0.conda
  sha256: ea8c680924d957e12270dca549620327d5e986f23c4bd5f45627167ca6ef7a3b
  md5: c90c1d3bd778f5ec0d4bb4ef36cbd5b6
  depends:
  - __osx >=11.0
  license: LGPL-2.1-or-later
  purls: []
  run_exports:
    weak:
    - libntlm >=1.8,<2.0a0
  size: 31099
  timestamp: 1734670168822
- conda: https://conda.anaconda.org/conda-forge/osx-arm64/libopenblas-0.3.34-openmp_he657e61_0.conda
  sha256: bcf1967f12f1b1cc769dcc77b255fb1b27aaceb2f185450e9596d137bc6ede76
  md5: 89d28fb841cf16211318524fa985e384
  depends:
  - __osx >=11.0
  - libgfortran
  - libgfortran5 >=14.3.0
  - llvm-openmp >=19.1.7
  constrains:
  - openblas >=0.3.34,<0.3.35.0a0
  license: BSD-3-Clause
  license_family: BSD
  purls: []
  run_exports:
    weak:
    - libopenblas >=0.3.34,<1.0a0
  size: 4318474
  timestamp: 1784288246205
- conda: https://conda.anaconda.org/conda-forge/osx-arm64/libpng-1.6.58-h132b30e_0.conda
  sha256: 66eae34546df1f098a67064970c92aa14ae7a7505091889e00468294d2882c36
  md5: 2259ae0949dbe20c0665850365109b27
  depends:
  - __osx >=11.0
  - libzlib >=1.3.2,<2.0a0
  license: zlib-acknowledgement
  purls: []
  run_exports:
    weak:
    - libpng >=1.6.58,<1.7.0a0
  size: 289546
  timestamp: 1776315246750
- conda: https://conda.anaconda.org/conda-forge/osx-arm64/libpq-18.4-ha770aab_0.conda
  sha256: aed15f692ab1c050ed64e08e215b3a82f8d1efb87f6be54a052fa50292a88c82
  md5: aa54929e5de39fc4ddd538650cdc2c86
  depends:
  - __osx >=11.0
  - icu >=78.3,<79.0a0
  - krb5 >=1.22.2,<1.23.0a0
  - openldap >=2.6.13,<2.7.0a0
  - openssl >=3.5.6,<4.0a0
  license: PostgreSQL
  purls: []
  run_exports:
    weak:
    - libpq >=18.4,<19.0a0
  size: 2626441
  timestamp: 1778787920554
- conda: https://conda.anaconda.org/conda-forge/osx-arm64/libsqlite-3.53.4-h1ae2325_0.conda
  sha256: 745662565e103f290e9dc4263bbd88285082f8cf699854fe2d5f1e35a4a0d326
  md5: 0e3477c0c3e718dcf2eb74ccc8f68570
  depends:
  - __osx >=11.0
  - icu >=78.3,<79.0a0
  - libzlib >=1.3.2,<2.0a0
  license: blessing
  purls: []
  run_exports:
    weak:
    - libsqlite >=3.53.4,<4.0a0
  size: 929203
  timestamp: 1785016131414
- conda: https://conda.anaconda.org/conda-forge/osx-arm64/libtiff-4.7.2-h282da08_0.conda
  sha256: 253153cabf9469170e02b21a6bc9aa598048e7c34966b1103af52d27d2a708a4
  md5: 6fa87106b3c041ad6d965a9411e79b94
  depends:
  - __osx >=11.0
  - lerc >=4.1.0,<5.0a0
  - libcxx >=19
  - libdeflate >=1.25,<1.26.0a0
  - libjpeg-turbo >=3.1.4.1,<4.0a0
  - liblzma >=5.8.3,<6.0a0
  - libwebp-base >=1.6.0,<2.0a0
  - libzlib >=1.3.2,<2.0a0
  - zstd >=1.5.7,<1.6.0a0
  license: HPND
  purls: []
  run_exports:
    weak:
    - libtiff >=4.7.2,<4.8.0a0
  size: 387825
  timestamp: 1783085754081
- conda: https://conda.anaconda.org/conda-forge/osx-arm64/libwebp-base-1.6.0-h202fb40_1.conda
  sha256: 0ff54650d470c7e54cbeffdd53a8c063e055a7bcf784388c0385ce5c4741b0f4
  md5: 168a13e329259710b28277abc1395b8e
  depends:
  - __osx >=11.0
  constrains:
  - libwebp 1.6.0
  license: BSD-3-Clause
  license_family: BSD
  purls: []
  run_exports:
    weak:
    - libwebp-base >=1.6.0,<2.0a0
  size: 294522
  timestamp: 1785955350410
- conda: https://conda.anaconda.org/conda-forge/osx-arm64/libxml2-16-2.15.3-h5ef1a60_0.conda
  sha256: ff75b84cdb9e8d123db2fa694a8ac2c2059516b6cbc98ac21fb68e235d0fd354
  md5: 19edaa53885fc8205614b03da2482282
  depends:
  - __osx >=11.0
  - icu >=78.3,<79.0a0
  - libiconv >=1.18,<2.0a0
  - liblzma >=5.8.3,<6.0a0
  - libzlib >=1.3.2,<2.0a0
  constrains:
  - libxml2 2.15.3
  license: MIT
  license_family: MIT
  purls: []
  run_exports: {}
  size: 466360
  timestamp: 1776377102261
- conda: https://conda.anaconda.org/conda-forge/osx-arm64/libxml2-2.15.3-h5654f7c_0.conda
  sha256: 2fe1d8de0854342ae9cabe408b476935f82f5636e153b3b497456264dc8ff3a1
  md5: 8e037d73747d6fe34e12d7bcac10cf21
  depends:
  - __osx >=11.0
  - icu >=78.3,<79.0a0
  - libiconv >=1.18,<2.0a0
  - liblzma >=5.8.3,<6.0a0
  - libxml2-16 2.15.3 h5ef1a60_0
  - libzlib >=1.3.2,<2.0a0
  license: MIT
  license_family: MIT
  purls: []
  run_exports:
    weak:
    - libxml2
    - libxml2-16 >=2.15.3
  size: 41102
  timestamp: 1776377119495
- conda: https://conda.anaconda.org/conda-forge/osx-arm64/libxslt-1.1.43-hb2570ba_1.conda
  sha256: 7a4d0676ab1407fecb24d4ada7fe31a98c8889f61f04612ea533599c22b8c472
  md5: 90f7ed12bb3c164c758131b3d3c2ab0c
  depends:
  - __osx >=11.0
  - libxml2
  - libxml2-16 >=2.14.6
  license: MIT
  license_family: MIT
  purls: []
  run_exports:
    weak:
    - libxslt >=1.1.43,<2.0a0
  size: 220345
  timestamp: 1757964000982
- conda: https://conda.anaconda.org/conda-forge/osx-arm64/libzlib-1.3.2-h8088a28_3.conda
  sha256: a18fa5d5bac452401459f966cf0d872224e8080c4ff93c77e168d43ab42ef9d7
  md5: f39288f0ea63ae962e1a2e4f355a0d75
  depends:
  - __osx >=11.0
  constrains:
  - zlib 1.3.2 *_3
  license: Zlib
  license_family: Other
  purls: []
  run_exports:
    weak:
    - libzlib >=1.3.2,<2.0a0
  size: 47822
  timestamp: 1785277049190
- conda: https://conda.anaconda.org/conda-forge/osx-arm64/llvm-openmp-22.1.8-hc7d1edf_0.conda
  sha256: ccbaad6bbc88f135ab849bc36af5fa6eda36a9ed18ce6f58e3dde3d11784c156
  md5: a9c118f6343fb6301b6f3b4e94c4c562
  depends:
  - __osx >=11.0
  constrains:
  - intel-openmp <0.0a0
  - openmp 22.1.8|22.1.8.*
  license: Apache-2.0 WITH LLVM-exception
  license_family: APACHE
  purls: []
  run_exports:
    strong:
    - llvm-openmp >=22.1.8
  size: 286313
  timestamp: 1781736516782
- conda: https://conda.anaconda.org/conda-forge/osx-arm64/ncurses-6.6-h1d4f5a5_0.conda
  sha256: 4ea6c620b87bd1d42bb2ccc2c87cd2483fa2d7f9e905b14c223f11ff3f4c455d
  md5: 343d10ed5b44030a2f67193905aea159
  depends:
  - __osx >=11.0
  license: X11 AND BSD-3-Clause
  purls: []
  run_exports:
    weak:
    - ncurses >=6.6,<7.0a0
  size: 805509
  timestamp: 1777423252320
- conda: https://conda.anaconda.org/conda-forge/osx-arm64/numpy-2.5.1-py314hb79c6fa_0.conda
  sha256: 3aa853ec05e6fe6b660be354fd05ab2a89b2e6cc6346612a6c75a18f38f62c3d
  md5: 3587914062d5537dde5fa8c2131cf624
  depends:
  - python
  - __osx >=11.0
  - libcxx >=19
  - python_abi 3.14.* *_cp314
  - liblapack >=3.9.0,<4.0a0
  - libblas >=3.9.0,<4.0a0
  - libcblas >=3.9.0,<4.0a0
  constrains:
  - numpy-base <0a0
  license: BSD-3-Clause
  license_family: BSD
  purls:
  - pkg:pypi/numpy?source=hash-mapping
  run_exports:
    weak:
    - numpy >=1.25,<3
  size: 7135957
  timestamp: 1783206216666
- conda: https://conda.anaconda.org/conda-forge/osx-arm64/openldap-2.6.13-hf7f56bc_0.conda
  sha256: 4a7b691a5b2241ee10f59a9e51f68be4cf1e4294829cebb40d198139a561e780
  md5: 7940b03e5c1e85b0c8b8a74f3011783f
  depends:
  - __osx >=11.0
  - cyrus-sasl >=2.1.28,<3.0a0
  - krb5 >=1.22.2,<1.23.0a0
  - libcxx >=19
  - openssl >=3.5.6,<4.0a0
  license: OLDAP-2.8
  license_family: BSD
  purls: []
  run_exports:
    weak:
    - openldap >=2.6.13,<2.7.0a0
  size: 844724
  timestamp: 1775742074928
- conda: https://conda.anaconda.org/conda-forge/osx-arm64/openssl-3.6.3-hd24854e_1.conda
  sha256: 66be2283b5b37dcda1332b5e74c1782a8cb14fd2e62e0d38017c2d35bf73c119
  md5: 65d1906712b85d1679263c518d011b5b
  depends:
  - __osx >=11.0
  - ca-certificates
  license: Apache-2.0
  license_family: Apache
  purls: []
  run_exports:
    weak:
    - openssl >=3.6.3,<4.0a0
  size: 3109132
  timestamp: 1785913735357
- conda: https://conda.anaconda.org/conda-forge/osx-arm64/pcre2-10.47-h30297fc_0.conda
  sha256: 5e2e443f796f2fd92adf7978286a525fb768c34e12b1ee9ded4000a41b2894ba
  md5: 9b4190c4055435ca3502070186eba53a
  depends:
  - __osx >=11.0
  - bzip2 >=1.0.8,<2.0a0
  - libzlib >=1.3.1,<2.0a0
  license: BSD-3-Clause
  license_family: BSD
  purls: []
  run_exports:
    weak:
    - pcre2 >=10.47,<10.48.0a0
  size: 850231
  timestamp: 1763655726735
- conda: https://conda.anaconda.org/conda-forge/osx-arm64/pixman-0.46.4-h784d473_3.conda
  sha256: 4779cd57231ce2e96fac643fcbdd4a6f51a57986264545445574e9c4acf526d3
  md5: 9a99c0b60efe41c194d01c182d000733
  depends:
  - __osx >=11.0
  - libcxx >=19
  license: MIT
  license_family: MIT
  purls: []
  run_exports:
    weak:
    - pixman >=0.46.4,<1.0a0
  size: 198717
  timestamp: 1786106922508
- conda: https://conda.anaconda.org/conda-forge/osx-arm64/pyside6-6.11.1-py314h2cf4f08_1.conda
  sha256: 3df74b25484c91d3dfa71a58f31677494bd89ffaa31c0a54aee7d193629aeb02
  md5: c838edfb1fbb103bdc23df950aaad819
  depends:
  - python
  - qt6-main 6.11.1.*
  - __osx >=11.0
  - libcxx >=19
  - python_abi 3.14.* *_cp314
  - libclang13 >=19.1.7
  - libxslt >=1.1.43,<2.0a0
  - libxml2
  - libxml2-16 >=2.14.6
  - qt6-main >=6.11.1,<6.12.0a0
  license: LGPL-3.0-only
  license_family: LGPL
  purls:
  - pkg:pypi/pyside6?source=hash-mapping
  - pkg:pypi/shiboken6?source=hash-mapping
  run_exports: {}
  size: 15977763
  timestamp: 1778934240976
- conda: https://conda.anaconda.org/conda-forge/osx-arm64/python-3.14.6-h156bc91_101_cp314.conda
  build_number: 101
  sha256: fc70ae73df7798bce7cac7adef7fdfb874208b2623a0e8ccb4354194b8508769
  md5: 6e9670f5238dfb27ef4f6364ed536cc0
  depends:
  - __osx >=11.0
  - bzip2 >=1.0.8,<2.0a0
  - libexpat >=2.8.1,<3.0a0
  - libffi >=3.5.2,<3.6.0a0
  - liblzma >=5.8.3,<6.0a0
  - libmpdec >=4.0.0,<5.0a0
  - libsqlite >=3.53.3,<4.0a0
  - libzlib >=1.3.2,<2.0a0
  - ncurses >=6.6,<7.0a0
  - openssl >=3.5.7,<4.0a0
  - python_abi 3.14.* *_cp314
  - readline >=8.3,<9.0a0
  - tk >=8.6.13,<8.7.0a0
  - tzdata
  - zstd >=1.5.7,<1.6.0a0
  license: Python-2.0
  purls: []
  run_exports:
    weak:
    - python_abi 3.14.* *_cp314
    noarch:
    - python
  size: 14035244
  timestamp: 1784909523029
  python_site_packages_path: lib/python3.14/site-packages
- conda: https://conda.anaconda.org/conda-forge/osx-arm64/qt6-main-6.11.1-pl5321h7775a44_1.conda
  sha256: 84e8269f5bff6e167729cfe419f13551dc9a66af0e7af1038965a360c6965663
  md5: be311a46235aee60eb710d6d90fcc469
  depends:
  - __osx >=11.0
  - libcxx >=19
  - libsqlite >=3.53.1,<4.0a0
  - icu >=78.3,<79.0a0
  - pcre2 >=10.47,<10.48.0a0
  - libpq >=18.4,<19.0a0
  - libzlib >=1.3.2,<2.0a0
  - libjpeg-turbo >=3.1.4.1,<4.0a0
  - zstd >=1.5.7,<1.6.0a0
  - libtiff >=4.7.1,<4.8.0a0
  - harfbuzz >=14.2.0
  - libpng >=1.6.58,<1.7.0a0
  - libglib >=2.88.1,<3.0a0
  - openssl >=3.5.6,<4.0a0
  - double-conversion >=3.4.0,<3.5.0a0
  - libbrotlicommon >=1.2.0,<1.3.0a0
  - libbrotlienc >=1.2.0,<1.3.0a0
  - libbrotlidec >=1.2.0,<1.3.0a0
  - krb5 >=1.22.2,<1.23.0a0
  - libwebp-base >=1.6.0,<2.0a0
  constrains:
  - qt ==6.11.1
  license: LGPL-3.0-only
  license_family: LGPL
  purls: []
  run_exports:
    weak:
    - qt6-main >=6.11.1,<7.0a0
  size: 48080154
  timestamp: 1780384797221
- conda: https://conda.anaconda.org/conda-forge/osx-arm64/readline-8.3-h46df422_0.conda
  sha256: a77010528efb4b548ac2a4484eaf7e1c3907f2aec86123ed9c5212ae44502477
  md5: f8381319127120ce51e081dce4865cf4
  depends:
  - __osx >=11.0
  - ncurses >=6.5,<7.0a0
  license: GPL-3.0-only
  license_family: GPL
  purls: []
  run_exports:
    weak:
    - readline >=8.3,<9.0a0
  size: 313930
  timestamp: 1765813902568
- conda: https://conda.anaconda.org/conda-forge/osx-arm64/tk-8.6.13-hd3d0363_3.conda
  sha256: 47186bc7ab8d7e8bee86bbd1a917196f8c21cf63f081fc33cd6d1221af087580
  md5: 8e3cf0e455e6b54519f0b1c72c61780a
  depends:
  - __osx >=11.0
  - libzlib >=1.3.2,<2.0a0
  license: TCL
  purls: []
  run_exports:
    weak:
    - tk >=8.6.13,<8.7.0a0
  size: 3338712
  timestamp: 1784229090530
- conda: https://conda.anaconda.org/conda-forge/osx-arm64/zstd-1.5.7-hbf9d68e_6.conda
  sha256: 9485ba49e8f47d2b597dd399e88f4802e100851b27c21d7525625b0b4025a5d9
  md5: ab136e4c34e97f34fb621d2592a393d8
  depends:
  - __osx >=11.0
  - libzlib >=1.3.1,<2.0a0
  license: BSD-3-Clause
  license_family: BSD
  purls: []
  run_exports:
    weak:
    - zstd >=1.5.7,<1.6.0a0
  size: 433413
  timestamp: 1764777166076
- pypi: https://files.pythonhosted.org/packages/26/54/05aceb9cd80073805b3ed8522e3196e8cb22f70e741873fa51406c31f4e7/bleak-3.0.2-py3-none-any.whl
  name: bleak
  version: 3.0.2
  sha256: 39092feb9e83f1df5ad2f88e837723c7211c982ce9e9cda6235104bc2ebe0d0d
  requires_dist:
  - async-timeout>=3.0.0 ; python_full_version < '3.11'
  - typing-extensions>=4.7.0 ; python_full_version < '3.12'
  - pyobjc-core>=10.3 ; sys_platform == 'darwin'
  - pyobjc-framework-corebluetooth>=10.3 ; sys_platform == 'darwin'
  - pyobjc-framework-libdispatch>=10.3 ; sys_platform == 'darwin'
  - winrt-runtime>=3.1 ; sys_platform == 'win32'
  - winrt-windows-devices-bluetooth>=3.1 ; sys_platform == 'win32'
  - winrt-windows-devices-bluetooth-advertisement>=3.1 ; sys_platform == 'win32'
  - winrt-windows-devices-bluetooth-genericattributeprofile>=3.1 ; sys_platform == 'win32'
  - winrt-windows-devices-enumeration>=3.1 ; sys_platform == 'win32'
  - winrt-windows-devices-radios>=3.1 ; sys_platform == 'win32'
  - winrt-windows-foundation>=3.1 ; sys_platform == 'win32'
  - winrt-windows-foundation-collections>=3.1 ; sys_platform == 'win32'
  - winrt-windows-storage-streams>=3.1 ; sys_platform == 'win32'
  - dbus-fast>=1.83.0 ; sys_platform == 'linux'
  - bleak-pythonista>=0.1.1 ; extra == 'pythonista'
  requires_python: '>=3.10'
- pypi: https://files.pythonhosted.org/packages/30/ff/6f3b0bb3110ec82dbedaea47de151bd688980f5aadc634ef0cd236fdbd16/pyobjc_framework_corebluetooth-12.2.1-cp314-cp314-macosx_10_15_universal2.whl
  name: pyobjc-framework-corebluetooth
  version: 12.2.1
  sha256: 2a2e6d56f51e4ca3e3b9766ef34150a9a7ce5f0cf4f9ee879ec10923af58e97e
  requires_dist:
  - pyobjc-core>=12.2.1
  - pyobjc-framework-cocoa>=12.2.1
  requires_python: '>=3.10'
- pypi: https://files.pythonhosted.org/packages/32/91/30151a39f7570f448ed84529390628a651d7f27c87d73c9b887f8189695e/docutils-0.23-py3-none-any.whl
  name: docutils
  version: '0.23'
  sha256: 25d013af9bf23bc1c7b2b093dff4208166c53a94786c9e447808335ef1185fea
  requires_python: '>=3.9'
- pypi: https://files.pythonhosted.org/packages/36/76/931b879e1ad5e287c4ed9b60ccea807e63e06cd257829e154c79394abb66/ahrs-0.4.0-py3-none-any.whl
  name: ahrs
  version: 0.4.0
  sha256: 7be83963d8021ae326d20b646c05a2218401e559f645bb5c2e40ff7dd54245d7
  requires_dist:
  - docutils>=0.18.1
  - numpy>=1.17
  - hatch ; extra == 'build'
  - hatchling ; extra == 'build'
  - black ; extra == 'dev'
  - flake8 ; extra == 'dev'
  - pytest ; extra == 'dev'
  - pydata-sphinx-theme ; extra == 'docs'
  - sphinx ; extra == 'docs'
  - sphinxcontrib-bibtex>=2.6.3 ; extra == 'docs'
  requires_python: '>=3.9'
- pypi: https://files.pythonhosted.org/packages/42/87/5b4a6c8580f2a486daf4b0d14a2356c47abfda401b329e71e46ac9b5460c/pyobjc_framework_libdispatch-12.2.1-cp314-cp314-macosx_10_15_universal2.whl
  name: pyobjc-framework-libdispatch
  version: 12.2.1
  sha256: 999bad9a2c9198c837ba8f57a3ca9f05b4fc4bf7b69318baaa266dd2ab2fc8f7
  requires_dist:
  - pyobjc-core>=12.2.1
  - pyobjc-framework-cocoa>=12.2.1
  requires_python: '>=3.10'
- pypi: https://files.pythonhosted.org/packages/bd/8a/cfa4f56939d554dbb342ec6e5226a441e2f552bc2002a0ddf7705bb11bef/pyobjc_core-12.2.1-cp314-cp314-macosx_10_15_universal2.whl
  name: pyobjc-core
  version: 12.2.1
  sha256: 2b8fc0531c27277325e113ac00b8a72a82e6145f0a88175b9425d8de814ff69a
  requires_python: '>=3.10'
- pypi: https://files.pythonhosted.org/packages/ec/c8/b90baa8f3592eded79b4be98fb59d2b8dc16b62361e34292bd95806ebd9f/pyobjc_framework_cocoa-12.2.1-cp314-cp314-macosx_10_15_universal2.whl
  name: pyobjc-framework-cocoa
  version: 12.2.1
  sha256: b386c324d64ae565c1f6b7dfb77be68f640a1c7c23caa6966ab661131f519561
  requires_dist:
  - pyobjc-core>=12.2.1
  requires_python: '>=3.10'
